{
  "root": "root",
  "version": 7,
  "nodes": {
    "a": {
      "inputs": {
        "nixpkgs": "nixpkgs"
      },
      "locked": {
        "lastModified": 1,
        "narHash": "sha256-I2U4frnu1FhCoQNiZKbNvNz9Tc7C6zBLd4XjtvX9cJM=",
        "path": "./a",
        "type": "path"
      },
      "original": {
        "path": "./a",
        "type": "path"
      }
    },
    "b": {
      "inputs": {
        "nixpkgs": [
          "nixpkgs"
        ]
      },
      "locked": {
        "lastModified": 1,
        "narHash": "sha256-pztZG+lLkXxL7gAgUW6cUkBFsEhX0Y5BxHctF7UzrOU=",
        "path": "./b",
        "type": "path"
      },
      "original": {
        "path": "./b",
        "type": "path"
      }
    },
    "nixpkgs": {
      "inputs": null,
      "locked": {
        "lastModified": 1722372011,
        "narHash": "sha256-B2xRiC3NEJy/82ugtareBkRqEkPGpMyjaLxaR8LBxNs=",
        "owner": "nixos",
        "repo": "nixpkgs",
        "rev": "cf05eeada35e122770c5c14add958790fcfcbef5",
        "type": "github"
      },
      "original": {
        "owner": "nixos",
        "ref": "nixos-24.05",
        "repo": "nixpkgs",
        "type": "github"
      }
    },
    "nixpkgs_2": {
      "inputs": null,
      "locked": {
        "lastModified": 1722372011,
        "narHash": "sha256-B2xRiC3NEJy/82ugtareBkRqEkPGpMyjaLxaR8LBxNs=",
        "owner": "nixos",
        "repo": "nixpkgs",
        "rev": "cf05eeada35e122770c5c14add958790fcfcbef5",
        "type": "github"
      },
      "original": {
        "owner": "nixos",
        "ref": "nixos-24.05",
        "repo": "nixpkgs",
        "type": "github"
      }
    },
    "root": {
      "inputs": {
        "a": "a",
        "b": "b",
        "nixpkgs": "nixpkgs_2",
        "nixpkgs-stable": [
          "nixpkgs"
        ]
      }
    }
  }
}